// !$*UTF8*$!
{
	archiveVersion = 1;
	classes = {
	};
	objectVersion = 50;
	objects = {

/* Begin PBXBuildFile section */
		BC237AE525596F910061D610 /* AppDelegate.m in Sources */ = {isa = PBXBuildFile; fileRef = BC237AE425596F910061D610 /* AppDelegate.m */; };
		BC237AE825596F910061D610 /* SceneDelegate.m in Sources */ = {isa = PBXBuildFile; fileRef = BC237AE725596F910061D610 /* SceneDelegate.m */; };
		BC237AEB25596F910061D610 /* ViewController.m in Sources */ = {isa = PBXBuildFile; fileRef = BC237AEA25596F910061D610 /* ViewController.m */; };
		BC237AEE25596F910061D610 /* Main.storyboard in Resources */ = {isa = PBXBuildFile; fileRef = BC237AEC25596F910061D610 /* Main.storyboard */; };
		BC237AF025596F940061D610 /* Assets.xcassets in Resources */ = {isa = PBXBuildFile; fileRef = BC237AEF25596F940061D610 /* Assets.xcassets */; };
		BC237AF325596F940061D610 /* LaunchScreen.storyboard in Resources */ = {isa = PBXBuildFile; fileRef = BC237AF125596F940061D610 /* LaunchScreen.storyboard */; };
		BC237AF625596F940061D610 /* main.m in Sources */ = {isa = PBXBuildFile; fileRef = BC237AF525596F940061D610 /* main.m */; };
/* End PBXBuildFile section */

/* Begin PBXFileReference section */
		BC237AE025596F910061D610 /* ReactiveObjCDemo.app */ = {isa = PBXFileReference; explicitFileType = wrapper.application; includeInIndex = 0; path = ReactiveObjCDemo.app; sourceTree = BUILT_PRODUCTS_DIR; };
		BC237AE325596F910061D610 /* AppDelegate.h */ = {isa = PBXFileReference; lastKnownFileType = sourcecode.c.h; path = AppDelegate.h; sourceTree = "<group>"; };
		BC237AE425596F910061D610 /* AppDelegate.m */ = {isa = PBXFileReference; lastKnownFileType = sourcecode.c.objc; path = AppDelegate.m; sourceTree = "<group>"; };
		BC237AE625596F910061D610 /* SceneDelegate.h */ = {isa = PBXFileReference; lastKnownFileType = sourcecode.c.h; path = SceneDelegate.h; sourceTree = "<group>"; };
		BC237AE725596F910061D610 /* SceneDelegate.m */ = {isa = PBXFileReference; lastKnownFileType = sourcecode.c.objc; path = SceneDelegate.m; sourceTree = "<group>"; };
		BC237AE925596F910061D610 /* ViewController.h */ = {isa = PBXFileReference; lastKnownFileType = sourcecode.c.h; path = ViewController.h; sourceTree = "<group>"; };
		BC237AEA25596F910061D610 /* ViewController.m */ = {isa = PBXFileReference; lastKnownFileType = sourcecode.c.objc; path = ViewController.m; sourceTree = "<group>"; };
		BC237AED25596F910061D610 /* Base */ = {isa = PBXFileReference; lastKnownFileType = file.storyboard; name = Base; path = Base.lproj/Main.storyboard; sourceTree = "<group>"; };
		BC237AEF25596F940061D610 /* Assets.xcassets */ = {isa = PBXFileReference; lastKnownFileType = folder.assetcatalog; path = Assets.xcassets; sourceTree = "<group>"; };
		BC237AF225596F940061D610 /* Base */ = {isa = PBXFileReference; lastKnownFileType = file.storyboard; name = Base; path = Base.lproj/LaunchScreen.storyboard; sourceTree = "<group>"; };
		BC237AF425596F940061D610 /* Info.plist */ = {isa = PBXFileReference; lastKnownFileType = text.plist.xml; path = Info.plist; sourceTree = "<group>"; };
		BC237AF525596F940061D610 /* main.m */ = {isa = PBXFileReference; lastKnownFileType = sourcecode.c.objc; path = main.m; sourceTree = "<group>"; };
/* End PBXFileReference section */

/* Begin PBXFrameworksBuildPhase section */
		BC237ADD25596F910061D610 /* Frameworks */ = {
			isa = PBXFrameworksBuildPhase;
			buildActionMask = 2147483647;
			files = (
			);
			runOnlyForDeploymentPostprocessing = 0;
		};
/* End PBXFrameworksBuildPhase section */

/* Begin PBXGroup section */
		BC237AD725596F910061D610 = {
			isa = PBXGroup;
			children = (
				BC237AE225596F910061D610 /* ReactiveObjCDemo */,
				BC237AE125596F910061D610 /* Products */,
			);
			sourceTree = "<group>";
		};
		BC237AE125596F910061D610 /* Products */ = {
			isa = PBXGroup;
			children = (
				BC237AE025596F910061D610 /* ReactiveObjCDemo.app */,
			);
			name = Products;
			sourceTree = "<group>";
		};
		BC237AE225596F910061D610 /* ReactiveObjCDemo */ = {
			isa = PBXGroup;
			children = (
				BC237AE325596F910061D610 /* AppDelegate.h */,
				BC237AE425596F910061D610 /* AppDelegate.m */,
				BC237AE625596F910061D610 /* SceneDelegate.h */,
				BC237AE725596F910061D610 /* SceneDelegate.m */,
				BC237AE925596F910061D610 /* ViewController.h */,
				BC237AEA25596F910061D610 /* ViewController.m */,
				BC237AEC25596F910061D610 /* Main.storyboard */,
				BC237AEF25596F940061D610 /* Assets.xcassets */,
				BC237AF125596F940061D610 /* LaunchScreen.storyboard */,
				BC237AF425596F940061D610 /* Info.plist */,
				BC237AF525596F940061D610 /* main.m */,
			);
			path = ReactiveObjCDemo;
			sourceTree = "<group>";
		};
/* End PBXGroup section */

/* Begin PBXNativeTarget section */
		BC237ADF25596F910061D610 /* ReactiveObjCDemo */ = {
			isa = PBXNativeTarget;
			buildConfigurationList = BC237AF925596F940061D610 /* Build configuration list for PBXNativeTarget "ReactiveObjCDemo" */;
			buildPhases = (
				BC237ADC25596F910061D610 /* Sources */,
				BC237ADD25596F910061D610 /* Frameworks */,
				BC237ADE25596F910061D610 /* Resources */,
			);
			buildRules = (
			);
			dependencies = (
			);
			name = ReactiveObjCDemo;
			productName = ReactiveObjCDemo;
			productReference = BC237AE025596F910061D610 /* ReactiveObjCDemo.app */;
			productType = "com.apple.product-type.application";
		};
/* End PBXNativeTarget section */

/* Begin PBXProject section */
		BC237AD825596F910061D610 /* Project object */ = {
			isa = PBXProject;
			attributes = {
				LastUpgradeCheck = 1210;
				TargetAttributes = {
					BC237ADF25596F910061D610 = {
						CreatedOnToolsVersion = 12.1;
					};
				};
			};
			buildConfigurationList = BC237ADB25596F910061D610 /* Build configuration list for PBXProject "ReactiveObjCDemo" */;
			compatibilityVersion = "Xcode 9.3";
			developmentRegion = en;
			hasScannedForEncodings = 0;
			knownRegions = (
				en,
				Base,
			);
			mainGroup = BC237AD725596F910061D610;
			productRefGroup = BC237AE125596F910061D610 /* Products */;
			projectDirPath = "";
			projectRoot = "";
			targets = (
				BC237ADF25596F910061D610 /* ReactiveObjCDemo */,
			);
		};
/* End PBXProject section */

/* Begin PBXResourcesBuildPhase section */
		BC237ADE25596F910061D610 /* Resources */ = {
			isa = PBXResourcesBuildPhase;
			buildActionMask = 2147483647;
			files = (
				BC237AF325596F940061D610 /* LaunchScreen.storyboard in Resources */,
				BC237AF025596F940061D610 /* Assets.xcassets in Resources */,
				BC237AEE25596F910061D610 /* Main.storyboard in Resources */,
			);
			runOnlyForDeploymentPostprocessing = 0;
		};
/* End PBXResourcesBuildPhase section */

/* Begin PBXSourcesBuildPhase section */
		BC237ADC25596F910061D610 /* Sources */ = {
			isa = PBXSourcesBuildPhase;
			buildActionMask = 2147483647;
			files = (
				BC237AEB25596F910061D610 /* ViewController.m in Sources */,
				BC237AE525596F910061D610 /* AppDelegate.m in Sources */,
				BC237AF625596F940061D610 /* main.m in Sources */,
				BC237AE825596F910061D610 /* SceneDelegate.m in Sources */,
			);
			runOnlyForDeploymentPostprocessing = 0;
		};
/* End PBXSourcesBuildPhase section */

/* Begin PBXVariantGroup section */
		BC237AEC25596F910061D610 /* Main.storyboard */ = {
			isa = PBXVariantGroup;
			children = (
				BC237AED25596F910061D610 /* Base */,
			);
			name = Main.storyboard;
			sourceTree = "<group>";
		};
		BC237AF125596F940061D610 /* LaunchScreen.storyboard */ = {
			isa = PBXVariantGroup;
			children = (
				BC237AF225596F940061D610 /* Base */,
			);
			name = LaunchScreen.storyboard;
			sourceTree = "<group>";
		};
/* End PBXVariantGroup section */

/* Begin XCBuildConfiguration section */
		BC237AF725596F940061D610 /* Debug */ = {
			isa = XCBuildConfiguration;
			buildSettings = {
				ALWAYS_SEARCH_USER_PATHS = NO;
				CLANG_ANALYZER_NONNULL = YES;
				CLANG_ANALYZER_NUMBER_OBJECT_CONVERSION = YES_AGGRESSIVE;
				CLANG_CXX_LANGUAGE_STANDARD = "gnu++14";
				CLANG_CXX_LIBRARY = "libc++";
				CLANG_ENABLE_MODULES = YES;
				CLANG_ENABLE_OBJC_ARC = YES;
				CLANG_ENABLE_OBJC_WEAK = YES;
				CLANG_WARN_BLOCK_CAPTURE_AUTORELEASING = YES;
				CLANG_WARN_BOOL_CONVERSION = YES;
				CLANG_WARN_COMMA = YES;
				CLANG_WARN_CONSTANT_CONVERSION = YES;
				CLANG_WARN_DEPRECATED_OBJC_IMPLEMENTATIONS = YES;
				CLANG_WARN_DIRECT_OBJC_ISA_USAGE = YES_ERROR;
				CLANG_WARN_DOCUMENTATION_COMMENTS = YES;
				CLANG_WARN_EMPTY_BODY = YES;
				CLANG_WARN_ENUM_CONVERSION = YES;
				CLANG_WARN_INFINITE_RECURSION = YES;
				CLANG_WARN_INT_CONVERSION = YES;
				CLANG_WARN_NON_LITERAL_NULL_CONVERSION = YES;
				CLANG_WARN_OBJC_IMPLICIT_RETAIN_SELF = YES;
				CLANG_WARN_OBJC_LITERAL_CONVERSION = YES;
				CLANG_WARN_OBJC_ROOT_CLASS = YES_ERROR;
				CLANG_WARN_QUOTED_INCLUDE_IN_FRAMEWORK_HEADER = YES;
				CLANG_WARN_RANGE_LOOP_ANALYSIS = YES;
				CLANG_WARN_STRICT_PROTOTYPES = YES;
				CLANG_WARN_SUSPICIOUS_MOVE = YES;
				CLANG_WARN_UNGUARDED_AVAILABILITY = YES_AGGRESSIVE;
				CLANG_WARN_UNREACHABLE_CODE = YES;
				CLANG_WARN__DUPLICATE_METHOD_MATCH = YES;
				COPY_PHASE_STRIP = NO;
				DEBUG_INFORMATION_FORMAT = dwarf;
				ENABLE_STRICT_OBJC_MSGSEND = YES;
				ENABLE_TESTABILITY = YES;
				GCC_C_LANGUAGE_STANDARD = gnu11;
				GCC_DYNAMIC_NO_PIC = NO;
				GCC_NO_COMMON_BLOCKS = YES;
				GCC_OPTIMIZATION_LEVEL = 0;
				GCC_PREPROCESSOR_DEFINITIONS = (
					"DEBUG=1",
					"$(inherited)",
				);
				GCC_WARN_64_TO_32_BIT_CONVERSION = YES;
				GCC_WARN_ABOUT_RETURN_TYPE = YES_ERROR;
				GCC_WARN_UNDECLARED_SELECTOR = YES;
				GCC_WARN_UNINITIALIZED_AUTOS = YES_AGGRESSIVE;
				GCC_WARN_UNUSED_FUNCTION = YES;
				GCC_WARN_UNUSED_VARIABLE = YES;
				IPHONEOS_DEPLOYMENT_TARGET = 14.1;
				MTL_ENABLE_DEBUG_INFO = INCLUDE_SOURCE;
				MTL_FAST_MATH = YES;
				ONLY_ACTIVE_ARCH = YES;
				SDKROOT = iphoneos;
			};
			name = Debug;
		};
		BC237AF825596F940061D610 /* Release */ = {
			isa = XCBuildConfiguration;
			buildSettings = {
				ALWAYS_SEARCH_USER_PATHS = NO;
				CLANG_ANALYZER_NONNULL = YES;
				CLANG_ANALYZER_NUMBER_OBJECT_CONVERSION = YES_AGGRESSIVE;
				CLANG_CXX_LANGUAGE_STANDARD = "gnu++14";
				CLANG_CXX_LIBRARY = "libc++";
				CLANG_ENABLE_MODULES = YES;
				CLANG_ENABLE_OBJC_ARC = YES;
				CLANG_ENABLE_OBJC_WEAK = YES;
				CLANG_WARN_BLOCK_CAPTURE_AUTORELEASING = YES;
				CLANG_WARN_BOOL_CONVERSION = YES;
				CLANG_WARN_COMMA = YES;
				CLANG_WARN_CONSTANT_CONVERSION = YES;
				CLANG_WARN_DEPRECATED_OBJC_IMPLEMENTATIONS = YES;
				CLANG_WARN_DIRECT_OBJC_ISA_USAGE = YES_ERROR;
				CLANG_WARN_DOCUMENTATION_COMMENTS = YES;
				CLANG_WARN_EMPTY_BODY = YES;
				CLANG_WARN_ENUM_CONVERSION = YES;
				CLANG_WARN_INFINITE_RECURSION = YES;
				CLANG_WARN_INT_CONVERSION = YES;
				CLANG_WARN_NON_LITERAL_NULL_CONVERSION = YES;
				CLANG_WARN_OBJC_IMPLICIT_RETAIN_SELF = YES;
				CLANG_WARN_OBJC_LITERAL_CONVERSION = YES;
				CLANG_WARN_OBJC_ROOT_CLASS = YES_ERROR;
				CLANG_WARN_QUOTED_INCLUDE_IN_FRAMEWORK_HEADER = YES;
				CLANG_WARN_RANGE_LOOP_ANALYSIS = YES;
				CLANG_WARN_STRICT_PROTOTYPES = YES;
				CLANG_WARN_SUSPICIOUS_MOVE = YES;
				CLANG_WARN_UNGUARDED_AVAILABILITY = YES_AGGRESSIVE;
				CLANG_WARN_UNREACHABLE_CODE = YES;
				CLANG_WARN__DUPLICATE_METHOD_MATCH = YES;
				COPY_PHASE_STRIP = NO;
				DEBUG_INFORMATION_FORMAT = "dwarf-with-dsym";
				ENABLE_NS_ASSERTIONS = NO;
				ENABLE_STRICT_OBJC_MSGSEND = YES;
				GCC_C_LANGUAGE_STANDARD = gnu11;
				GCC_NO_COMMON_BLOCKS = YES;
				GCC_WARN_64_TO_32_BIT_CONVERSION = YES;
				GCC_WARN_ABOUT_RETURN_TYPE = YES_ERROR;
				GCC_WARN_UNDECLARED_SELECTOR = YES;
				GCC_WARN_UNINITIALIZED_AUTOS = YES_AGGRESSIVE;
				GCC_WARN_UNUSED_FUNCTION = YES;
				GCC_WARN_UNUSED_VARIABLE = YES;
				IPHONEOS_DEPLOYMENT_TARGET = 14.1;
				MTL_ENABLE_DEBUG_INFO = NO;
				MTL_FAST_MATH = YES;
				SDKROOT = iphoneos;
				VALIDATE_PRODUCT = YES;
			};
			name = Release;
		};
		BC237AFA25596F940061D610 /* Debug */ = {
			isa = XCBuildConfiguration;
			buildSettings = {
				ASSETCATALOG_COMPILER_APPICON_NAME = AppIcon;
				ASSETCATALOG_COMPILER_GLOBAL_ACCENT_COLOR_NAME = AccentColor;
				CODE_SIGN_STYLE = Automatic;
				DEVELOPMENT_TEAM = YW25G7UN2Y;
				INFOPLIST_FILE = ReactiveObjCDemo/Info.plist;
				LD_RUNPATH_SEARCH_PATHS = (
					"$(inherited)",
					"@executable_path/Frameworks",
				);
				PRODUCT_BUNDLE_IDENTIFIER = com.happy.lingjie.ReactiveObjCDemo;
				PRODUCT_NAME = "$(TARGET_NAME)";
				TARGETED_DEVICE_FAMILY = "1,2";
			};
			name = Debug;
		};
		BC237AFB25596F940061D610 /* Release */ = {
			isa = XCBuildConfiguration;
			buildSettings = {
				ASSETCATALOG_COMPILER_APPICON_NAME = AppIcon;
				ASSETCATALOG_COMPILER_GLOBAL_ACCENT_COLOR_NAME = AccentColor;
				CODE_SIGN_STYLE = Automatic;
				DEVELOPMENT_TEAM = YW25G7UN2Y;
				INFOPLIST_FILE = ReactiveObjCDemo/Info.plist;
				LD_RUNPATH_SEARCH_PATHS = (
					"$(inherited)",
					"@executable_path/Frameworks",
				);
				PRODUCT_BUNDLE_IDENTIFIER = com.happy.lingjie.ReactiveObjCDemo;
				PRODUCT_NAME = "$(TARGET_NAME)";
				TARGETED_DEVICE_FAMILY = "1,2";
			};
			name = Release;
		};
/* End XCBuildConfiguration section */

/* Begin XCConfigurationList section */
		BC237ADB25596F910061D610 /* Build configuration list for PBXProject "ReactiveObjCDemo" */ = {
			isa = XCConfigurationList;
			buildConfigurations = (
				BC237AF725596F940061D610 /* Debug */,
				BC237AF825596F940061D610 /* Release */,
			);
			defaultConfigurationIsVisible = 0;
			defaultConfigurationName = Release;
		};
		BC237AF925596F940061D610 /* Build configuration list for PBXNativeTarget "ReactiveObjCDemo" */ = {
			isa = XCConfigurationList;
			buildConfigurations = (
				BC237AFA25596F940061D610 /* Debug */,
				BC237AFB25596F940061D610 /* Release */,
			);
			defaultConfigurationIsVisible = 0;
			defaultConfigurationName = Release;
		};
/* End XCConfigurationList section */
	};
	rootObject = BC237AD825596F910061D610 /* Project object */;
}
